
Microsoft Visual Studio Solution File, Format Version 11.00
# Visual Studio 2010
Project("{FAE04EC0-301F-11D3-BF4B-00C04F79EFBC}") = "IronBoard.Core", "IronBoard.Core\IronBoard.Core.csproj", "{01AC8415-7201-40AF-B6CA-8DD1DBECB496}"
EndProject
Project("{FAE04EC0-301F-11D3-BF4B-00C04F79EFBC}") = "IronBoard.RBWebApi", "IronBoard.RBWebApi\IronBoard.RBWebApi.csproj", "{259CDD9D-ECF7-48C1-9C6C-0E403F9DEB9E}"
EndProject
Project("{FAE04EC0-301F-11D3-BF4B-00C04F79EFBC}") = "IronBoard.Standalone", "IronBoard.Standalone\IronBoard.Standalone.csproj", "{01F2020A-71A9-4E15-95C8-9C1153FF54FF}"
EndProject
Project("{FAE04EC0-301F-11D3-BF4B-00C04F79EFBC}") = "IronBoard.Vsix", "IronBoard.Vsix\IronBoard.Vsix.csproj", "{18AB1FFD-B0A2-4CE5-BF1F-D3C095E10616}"
EndProject
Project("{2150E333-8FDC-42A3-9474-1A3956D46DE8}") = "Test", "Test", "{7363C6B1-1C00-4F38-BEC6-2391661CC00E}"
EndProject
Project("{FAE04EC0-301F-11D3-BF4B-00C04F79EFBC}") = "IronBoard.Test", "IronBoard.Test.Integration\IronBoard.Test.csproj", "{9D7CBE43-03B7-4844-83BA-9B1A67B5340E}"
EndProject
Project("{FAE04EC0-301F-11D3-BF4B-00C04F79EFBC}") = "IronBoard.Console", "IronBoard.Console\IronBoard.Console.csproj", "{24AF2DB7-2E04-48F5-A792-703069D8F57D}"
EndProject
Project("{2150E333-8FDC-42A3-9474-1A3956D46DE8}") = "Solution Items", "Solution Items", "{2A86566E-4BAA-438C-BABF-EBF98E66BB96}"
	ProjectSection(SolutionItems) = preProject
		testing.txt = testing.txt
	EndProjectSection
EndProject
Global
	GlobalSection(SolutionConfigurationPlatforms) = preSolution
		Debug|Any CPU = Debug|Any CPU
		Debug|Mixed Platforms = Debug|Mixed Platforms
		Debug|x86 = Debug|x86
		Release|Any CPU = Release|Any CPU
		Release|Mixed Platforms = Release|Mixed Platforms
		Release|x86 = Release|x86
	EndGlobalSection
	GlobalSection(ProjectConfigurationPlatforms) = postSolution
		{01AC8415-7201-40AF-B6CA-8DD1DBECB496}.Debug|Any CPU.ActiveCfg = Debug|Any CPU
		{01AC8415-7201-40AF-B6CA-8DD1DBECB496}.Debug|Any CPU.Build.0 = Debug|Any CPU
		{01AC8415-7201-40AF-B6CA-8DD1DBECB496}.Debug|Mixed Platforms.ActiveCfg = Debug|Any CPU
		{01AC8415-7201-40AF-B6CA-8DD1DBECB496}.Debug|Mixed Platforms.Build.0 = Debug|Any CPU
		{01AC8415-7201-40AF-B6CA-8DD1DBECB496}.Debug|x86.ActiveCfg = Debug|Any CPU
		{01AC8415-7201-40AF-B6CA-8DD1DBECB496}.Release|Any CPU.ActiveCfg = Release|Any CPU
		{01AC8415-7201-40AF-B6CA-8DD1DBECB496}.Release|Any CPU.Build.0 = Release|Any CPU
		{01AC8415-7201-40AF-B6CA-8DD1DBECB496}.Release|Mixed Platforms.ActiveCfg = Release|Any CPU
		{01AC8415-7201-40AF-B6CA-8DD1DBECB496}.Release|Mixed Platforms.Build.0 = Release|Any CPU
		{01AC8415-7201-40AF-B6CA-8DD1DBECB496}.Release|x86.ActiveCfg = Release|Any CPU
		{259CDD9D-ECF7-48C1-9C6C-0E403F9DEB9E}.Debug|Any CPU.ActiveCfg = Debug|Any CPU
		{259CDD9D-ECF7-48C1-9C6C-0E403F9DEB9E}.Debug|Any CPU.Build.0 = Debug|Any CPU
		{259CDD9D-ECF7-48C1-9C6C-0E403F9DEB9E}.Debug|Mixed Platforms.ActiveCfg = Debug|Any CPU
		{259CDD9D-ECF7-48C1-9C6C-0E403F9DEB9E}.Debug|Mixed Platforms.Build.0 = Debug|Any CPU
		{259CDD9D-ECF7-48C1-9C6C-0E403F9DEB9E}.Debug|x86.ActiveCfg = Debug|Any CPU
		{259CDD9D-ECF7-48C1-9C6C-0E403F9DEB9E}.Release|Any CPU.ActiveCfg = Release|Any CPU
		{259CDD9D-ECF7-48C1-9C6C-0E403F9DEB9E}.Release|Any CPU.Build.0 = Release|Any CPU
		{259CDD9D-ECF7-48C1-9C6C-0E403F9DEB9E}.Release|Mixed Platforms.ActiveCfg = Release|Any CPU
		{259CDD9D-ECF7-48C1-9C6C-0E403F9DEB9E}.Release|Mixed Platforms.Build.0 = Release|Any CPU
		{259CDD9D-ECF7-48C1-9C6C-0E403F9DEB9E}.Release|x86.ActiveCfg = Release|Any CPU
		{01F2020A-71A9-4E15-95C8-9C1153FF54FF}.Debug|Any CPU.ActiveCfg = Debug|x86
		{01F2020A-71A9-4E15-95C8-9C1153FF54FF}.Debug|Mixed Platforms.ActiveCfg = Debug|x86
		{01F2020A-71A9-4E15-95C8-9C1153FF54FF}.Debug|Mixed Platforms.Build.0 = Debug|x86
		{01F2020A-71A9-4E15-95C8-9C1153FF54FF}.Debug|x86.ActiveCfg = Debug|x86
		{01F2020A-71A9-4E15-95C8-9C1153FF54FF}.Debug|x86.Build.0 = Debug|x86
		{01F2020A-71A9-4E15-95C8-9C1153FF54FF}.Release|Any CPU.ActiveCfg = Release|x86
		{01F2020A-71A9-4E15-95C8-9C1153FF54FF}.Release|Mixed Platforms.ActiveCfg = Release|x86
		{01F2020A-71A9-4E15-95C8-9C1153FF54FF}.Release|Mixed Platforms.Build.0 = Release|x86
		{01F2020A-71A9-4E15-95C8-9C1153FF54FF}.Release|x86.ActiveCfg = Release|x86
		{01F2020A-71A9-4E15-95C8-9C1153FF54FF}.Release|x86.Build.0 = Release|x86
		{18AB1FFD-B0A2-4CE5-BF1F-D3C095E10616}.Debug|Any CPU.ActiveCfg = Debug|Any CPU
		{18AB1FFD-B0A2-4CE5-BF1F-D3C095E10616}.Debug|Any CPU.Build.0 = Debug|Any CPU
		{18AB1FFD-B0A2-4CE5-BF1F-D3C095E10616}.Debug|Mixed Platforms.ActiveCfg = Debug|Any CPU
		{18AB1FFD-B0A2-4CE5-BF1F-D3C095E10616}.Debug|Mixed Platforms.Build.0 = Debug|Any CPU
		{18AB1FFD-B0A2-4CE5-BF1F-D3C095E10616}.Debug|x86.ActiveCfg = Debug|Any CPU
		{18AB1FFD-B0A2-4CE5-BF1F-D3C095E10616}.Release|Any CPU.ActiveCfg = Release|Any CPU
		{18AB1FFD-B0A2-4CE5-BF1F-D3C095E10616}.Release|Any CPU.Build.0 = Release|Any CPU
		{18AB1FFD-B0A2-4CE5-BF1F-D3C095E10616}.Release|Mixed Platforms.ActiveCfg = Release|Any CPU
		{18AB1FFD-B0A2-4CE5-BF1F-D3C095E10616}.Release|Mixed Platforms.Build.0 = Release|Any CPU
		{18AB1FFD-B0A2-4CE5-BF1F-D3C095E10616}.Release|x86.ActiveCfg = Release|Any CPU
		{9D7CBE43-03B7-4844-83BA-9B1A67B5340E}.Debug|Any CPU.ActiveCfg = Debug|Any CPU
		{9D7CBE43-03B7-4844-83BA-9B1A67B5340E}.Debug|Any CPU.Build.0 = Debug|Any CPU
		{9D7CBE43-03B7-4844-83BA-9B1A67B5340E}.Debug|Mixed Platforms.ActiveCfg = Debug|Any CPU
		{9D7CBE43-03B7-4844-83BA-9B1A67B5340E}.Debug|Mixed Platforms.Build.0 = Debug|Any CPU
		{9D7CBE43-03B7-4844-83BA-9B1A67B5340E}.Debug|x86.ActiveCfg = Debug|Any CPU
		{9D7CBE43-03B7-4844-83BA-9B1A67B5340E}.Release|Any CPU.ActiveCfg = Release|Any CPU
		{9D7CBE43-03B7-4844-83BA-9B1A67B5340E}.Release|Any CPU.Build.0 = Release|Any CPU
		{9D7CBE43-03B7-4844-83BA-9B1A67B5340E}.Release|Mixed Platforms.ActiveCfg = Release|Any CPU
		{9D7CBE43-03B7-4844-83BA-9B1A67B5340E}.Release|Mixed Platforms.Build.0 = Release|Any CPU
		{9D7CBE43-03B7-4844-83BA-9B1A67B5340E}.Release|x86.ActiveCfg = Release|Any CPU
		{24AF2DB7-2E04-48F5-A792-703069D8F57D}.Debug|Any CPU.ActiveCfg = Debug|x86
		{24AF2DB7-2E04-48F5-A792-703069D8F57D}.Debug|Mixed Platforms.ActiveCfg = Debug|x86
		{24AF2DB7-2E04-48F5-A792-703069D8F57D}.Debug|Mixed Platforms.Build.0 = Debug|x86
		{24AF2DB7-2E04-48F5-A792-703069D8F57D}.Debug|x86.ActiveCfg = Debug|x86
		{24AF2DB7-2E04-48F5-A792-703069D8F57D}.Debug|x86.Build.0 = Debug|x86
		{24AF2DB7-2E04-48F5-A792-703069D8F57D}.Release|Any CPU.ActiveCfg = Release|x86
		{24AF2DB7-2E04-48F5-A792-703069D8F57D}.Release|Mixed Platforms.ActiveCfg = Release|x86
		{24AF2DB7-2E04-48F5-A792-703069D8F57D}.Release|Mixed Platforms.Build.0 = Release|x86
		{24AF2DB7-2E04-48F5-A792-703069D8F57D}.Release|x86.ActiveCfg = Release|x86
		{24AF2DB7-2E04-48F5-A792-703069D8F57D}.Release|x86.Build.0 = Release|x86
	EndGlobalSection
	GlobalSection(SolutionProperties) = preSolution
		HideSolutionNode = FALSE
	EndGlobalSection
	GlobalSection(NestedProjects) = preSolution
		{9D7CBE43-03B7-4844-83BA-9B1A67B5340E} = {7363C6B1-1C00-4F38-BEC6-2391661CC00E}
	EndGlobalSection
EndGlobal
